// !$*UTF8*$!
{
	archiveVersion = 1;
	classes = {
	};
	objectVersion = 56;
	objects = {

/* Begin PBXBuildFile section */
		52016C4729ADA9BE00FE02BB /* RouterErrorPage.swift in Sources */ = {isa = PBXBuildFile; fileRef = 52016C4629ADA9BE00FE02BB /* RouterErrorPage.swift */; };
		52016C4929ADAB8F00FE02BB /* PaymentErrorPage.swift in Sources */ = {isa = PBXBuildFile; fileRef = 52016C4829ADAB8F00FE02BB /* PaymentErrorPage.swift */; };
		52B8C36829AC951400B74F6F /* ErrorScreenApp.swift in Sources */ = {isa = PBXBuildFile; fileRef = 52B8C36729AC951400B74F6F /* ErrorScreenApp.swift */; };
		52B8C36A29AC951400B74F6F /* ContentView.swift in Sources */ = {isa = PBXBuildFile; fileRef = 52B8C36929AC951400B74F6F /* ContentView.swift */; };
		52B8C36C29AC951600B74F6F /* Assets.xcassets in Resources */ = {isa = PBXBuildFile; fileRef = 52B8C36B29AC951600B74F6F /* Assets.xcassets */; };
		52B8C36F29AC951600B74F6F /* Preview Assets.xcassets in Resources */ = {isa = PBXBuildFile; fileRef = 52B8C36E29AC951600B74F6F /* Preview Assets.xcassets */; };
		52B8C37629ACA34300B74F6F /* 404ErrorPage.swift in Sources */ = {isa = PBXBuildFile; fileRef = 52B8C37529ACA34300B74F6F /* 404ErrorPage.swift */; };
		52B8C37A29ACA45F00B74F6F /* NoConnectionPage.swift in Sources */ = {isa = PBXBuildFile; fileRef = 52B8C37929ACA45F00B74F6F /* NoConnectionPage.swift */; };
		52B8C37C29ACACC600B74F6F /* RetryPage.swift in Sources */ = {isa = PBXBuildFile; fileRef = 52B8C37B29ACACC600B74F6F /* RetryPage.swift */; };
		52B8C37E29ACC77800B74F6F /* EnableLocationPage.swift in Sources */ = {isa = PBXBuildFile; fileRef = 52B8C37D29ACC77800B74F6F /* EnableLocationPage.swift */; };
		52B8C38029ACCD8F00B74F6F /* 404DeadPage.swift in Sources */ = {isa = PBXBuildFile; fileRef = 52B8C37F29ACCD8F00B74F6F /* 404DeadPage.swift */; };
		52B8C38229ACD92E00B74F6F /* UnexpectedErrorPage.swift in Sources */ = {isa = PBXBuildFile; fileRef = 52B8C38129ACD92E00B74F6F /* UnexpectedErrorPage.swift */; };
		52DEA91429ACF75D00E8616E /* RetryErrorPage.swift in Sources */ = {isa = PBXBuildFile; fileRef = 52DEA91329ACF75D00E8616E /* RetryErrorPage.swift */; };
		52DEA91629ACFB2200E8616E /* SpaceErrorPage.swift in Sources */ = {isa = PBXBuildFile; fileRef = 52DEA91529ACFB2200E8616E /* SpaceErrorPage.swift */; };
		52DEA91829ACFFDD00E8616E /* ResultPageError.swift in Sources */ = {isa = PBXBuildFile; fileRef = 52DEA91729ACFFDD00E8616E /* ResultPageError.swift */; };
		52DEA91A29AD084C00E8616E /* SomethingsErrorPage.swift in Sources */ = {isa = PBXBuildFile; fileRef = 52DEA91929AD084C00E8616E /* SomethingsErrorPage.swift */; };
		52DEA91C29AD0A3600E8616E /* ConnectionErrorPage.swift in Sources */ = {isa = PBXBuildFile; fileRef = 52DEA91B29AD0A3500E8616E /* ConnectionErrorPage.swift */; };
/* End PBXBuildFile section */

/* Begin PBXFileReference section */
		52016C4629ADA9BE00FE02BB /* RouterErrorPage.swift */ = {isa = PBXFileReference; lastKnownFileType = sourcecode.swift; path = RouterErrorPage.swift; sourceTree = "<group>"; };
		52016C4829ADAB8F00FE02BB /* PaymentErrorPage.swift */ = {isa = PBXFileReference; lastKnownFileType = sourcecode.swift; path = PaymentErrorPage.swift; sourceTree = "<group>"; };
		52B8C36429AC951400B74F6F /* ErrorScreen.app */ = {isa = PBXFileReference; explicitFileType = wrapper.application; includeInIndex = 0; path = ErrorScreen.app; sourceTree = BUILT_PRODUCTS_DIR; };
		52B8C36729AC951400B74F6F /* ErrorScreenApp.swift */ = {isa = PBXFileReference; lastKnownFileType = sourcecode.swift; path = ErrorScreenApp.swift; sourceTree = "<group>"; };
		52B8C36929AC951400B74F6F /* ContentView.swift */ = {isa = PBXFileReference; lastKnownFileType = sourcecode.swift; path = ContentView.swift; sourceTree = "<group>"; };
		52B8C36B29AC951600B74F6F /* Assets.xcassets */ = {isa = PBXFileReference; lastKnownFileType = folder.assetcatalog; path = Assets.xcassets; sourceTree = "<group>"; };
		52B8C36E29AC951600B74F6F /* Preview Assets.xcassets */ = {isa = PBXFileReference; lastKnownFileType = folder.assetcatalog; path = "Preview Assets.xcassets"; sourceTree = "<group>"; };
		52B8C37529ACA34300B74F6F /* 404ErrorPage.swift */ = {isa = PBXFileReference; lastKnownFileType = sourcecode.swift; path = 404ErrorPage.swift; sourceTree = "<group>"; };
		52B8C37929ACA45F00B74F6F /* NoConnectionPage.swift */ = {isa = PBXFileReference; lastKnownFileType = sourcecode.swift; path = NoConnectionPage.swift; sourceTree = "<group>"; };
		52B8C37B29ACACC600B74F6F /* RetryPage.swift */ = {isa = PBXFileReference; lastKnownFileType = sourcecode.swift; path = RetryPage.swift; sourceTree = "<group>"; };
		52B8C37D29ACC77800B74F6F /* EnableLocationPage.swift */ = {isa = PBXFileReference; lastKnownFileType = sourcecode.swift; path = EnableLocationPage.swift; sourceTree = "<group>"; };
		52B8C37F29ACCD8F00B74F6F /* 404DeadPage.swift */ = {isa = PBXFileReference; lastKnownFileType = sourcecode.swift; path = 404DeadPage.swift; sourceTree = "<group>"; };
		52B8C38129ACD92E00B74F6F /* UnexpectedErrorPage.swift */ = {isa = PBXFileReference; lastKnownFileType = sourcecode.swift; path = UnexpectedErrorPage.swift; sourceTree = "<group>"; };
		52DEA91329ACF75D00E8616E /* RetryErrorPage.swift */ = {isa = PBXFileReference; lastKnownFileType = sourcecode.swift; path = RetryErrorPage.swift; sourceTree = "<group>"; };
		52DEA91529ACFB2200E8616E /* SpaceErrorPage.swift */ = {isa = PBXFileReference; lastKnownFileType = sourcecode.swift; path = SpaceErrorPage.swift; sourceTree = "<group>"; };
		52DEA91729ACFFDD00E8616E /* ResultPageError.swift */ = {isa = PBXFileReference; lastKnownFileType = sourcecode.swift; path = ResultPageError.swift; sourceTree = "<group>"; };
		52DEA91929AD084C00E8616E /* SomethingsErrorPage.swift */ = {isa = PBXFileReference; lastKnownFileType = sourcecode.swift; path = SomethingsErrorPage.swift; sourceTree = "<group>"; };
		52DEA91B29AD0A3500E8616E /* ConnectionErrorPage.swift */ = {isa = PBXFileReference; lastKnownFileType = sourcecode.swift; path = ConnectionErrorPage.swift; sourceTree = "<group>"; };
/* End PBXFileReference section */

/* Begin PBXFrameworksBuildPhase section */
		52B8C36129AC951400B74F6F /* Frameworks */ = {
			isa = PBXFrameworksBuildPhase;
			buildActionMask = 2147483647;
			files = (
			);
			runOnlyForDeploymentPostprocessing = 0;
		};
/* End PBXFrameworksBuildPhase section */

/* Begin PBXGroup section */
		52B8C35B29AC951300B74F6F = {
			isa = PBXGroup;
			children = (
				52B8C36629AC951400B74F6F /* ErrorScreen */,
				52B8C36529AC951400B74F6F /* Products */,
			);
			sourceTree = "<group>";
		};
		52B8C36529AC951400B74F6F /* Products */ = {
			isa = PBXGroup;
			children = (
				52B8C36429AC951400B74F6F /* ErrorScreen.app */,
			);
			name = Products;
			sourceTree = "<group>";
		};
		52B8C36629AC951400B74F6F /* ErrorScreen */ = {
			isa = PBXGroup;
			children = (
				52B8C36729AC951400B74F6F /* ErrorScreenApp.swift */,
				52B8C36929AC951400B74F6F /* ContentView.swift */,
				52B8C37929ACA45F00B74F6F /* NoConnectionPage.swift */,
				52B8C37529ACA34300B74F6F /* 404ErrorPage.swift */,
				52B8C37B29ACACC600B74F6F /* RetryPage.swift */,
				52B8C37D29ACC77800B74F6F /* EnableLocationPage.swift */,
				52B8C37F29ACCD8F00B74F6F /* 404DeadPage.swift */,
				52B8C38129ACD92E00B74F6F /* UnexpectedErrorPage.swift */,
				52DEA91329ACF75D00E8616E /* RetryErrorPage.swift */,
				52DEA91529ACFB2200E8616E /* SpaceErrorPage.swift */,
				52DEA91729ACFFDD00E8616E /* ResultPageError.swift */,
				52DEA91929AD084C00E8616E /* SomethingsErrorPage.swift */,
				52DEA91B29AD0A3500E8616E /* ConnectionErrorPage.swift */,
				52016C4629ADA9BE00FE02BB /* RouterErrorPage.swift */,
				52016C4829ADAB8F00FE02BB /* PaymentErrorPage.swift */,
				52B8C36B29AC951600B74F6F /* Assets.xcassets */,
				52B8C36D29AC951600B74F6F /* Preview Content */,
			);
			path = ErrorScreen;
			sourceTree = "<group>";
		};
		52B8C36D29AC951600B74F6F /* Preview Content */ = {
			isa = PBXGroup;
			children = (
				52B8C36E29AC951600B74F6F /* Preview Assets.xcassets */,
			);
			path = "Preview Content";
			sourceTree = "<group>";
		};
/* End PBXGroup section */

/* Begin PBXNativeTarget section */
		52B8C36329AC951400B74F6F /* ErrorScreen */ = {
			isa = PBXNativeTarget;
			buildConfigurationList = 52B8C37229AC951600B74F6F /* Build configuration list for PBXNativeTarget "ErrorScreen" */;
			buildPhases = (
				52B8C36029AC951400B74F6F /* Sources */,
				52B8C36129AC951400B74F6F /* Frameworks */,
				52B8C36229AC951400B74F6F /* Resources */,
			);
			buildRules = (
			);
			dependencies = (
			);
			name = ErrorScreen;
			productName = ErrorScreen;
			productReference = 52B8C36429AC951400B74F6F /* ErrorScreen.app */;
			productType = "com.apple.product-type.application";
		};
/* End PBXNativeTarget section */

/* Begin PBXProject section */
		52B8C35C29AC951300B74F6F /* Project object */ = {
			isa = PBXProject;
			attributes = {
				BuildIndependentTargetsInParallel = 1;
				LastSwiftUpdateCheck = 1400;
				LastUpgradeCheck = 1400;
				TargetAttributes = {
					52B8C36329AC951400B74F6F = {
						CreatedOnToolsVersion = 14.0.1;
					};
				};
			};
			buildConfigurationList = 52B8C35F29AC951300B74F6F /* Build configuration list for PBXProject "ErrorScreen" */;
			compatibilityVersion = "Xcode 14.0";
			developmentRegion = en;
			hasScannedForEncodings = 0;
			knownRegions = (
				en,
				Base,
			);
			mainGroup = 52B8C35B29AC951300B74F6F;
			productRefGroup = 52B8C36529AC951400B74F6F /* Products */;
			projectDirPath = "";
			projectRoot = "";
			targets = (
				52B8C36329AC951400B74F6F /* ErrorScreen */,
			);
		};
/* End PBXProject section */

/* Begin PBXResourcesBuildPhase section */
		52B8C36229AC951400B74F6F /* Resources */ = {
			isa = PBXResourcesBuildPhase;
			buildActionMask = 2147483647;
			files = (
				52B8C36F29AC951600B74F6F /* Preview Assets.xcassets in Resources */,
				52B8C36C29AC951600B74F6F /* Assets.xcassets in Resources */,
			);
			runOnlyForDeploymentPostprocessing = 0;
		};
/* End PBXResourcesBuildPhase section */

/* Begin PBXSourcesBuildPhase section */
		52B8C36029AC951400B74F6F /* Sources */ = {
			isa = PBXSourcesBuildPhase;
			buildActionMask = 2147483647;
			files = (
				52DEA91629ACFB2200E8616E /* SpaceErrorPage.swift in Sources */,
				52DEA91C29AD0A3600E8616E /* ConnectionErrorPage.swift in Sources */,
				52016C4729ADA9BE00FE02BB /* RouterErrorPage.swift in Sources */,
				52B8C38229ACD92E00B74F6F /* UnexpectedErrorPage.swift in Sources */,
				52B8C38029ACCD8F00B74F6F /* 404DeadPage.swift in Sources */,
				52B8C36A29AC951400B74F6F /* ContentView.swift in Sources */,
				52016C4929ADAB8F00FE02BB /* PaymentErrorPage.swift in Sources */,
				52DEA91829ACFFDD00E8616E /* ResultPageError.swift in Sources */,
				52B8C37629ACA34300B74F6F /* 404ErrorPage.swift in Sources */,
				52B8C36829AC951400B74F6F /* ErrorScreenApp.swift in Sources */,
				52B8C37C29ACACC600B74F6F /* RetryPage.swift in Sources */,
				52DEA91A29AD084C00E8616E /* SomethingsErrorPage.swift in Sources */,
				52B8C37E29ACC77800B74F6F /* EnableLocationPage.swift in Sources */,
				52B8C37A29ACA45F00B74F6F /* NoConnectionPage.swift in Sources */,
				52DEA91429ACF75D00E8616E /* RetryErrorPage.swift in Sources */,
			);
			runOnlyForDeploymentPostprocessing = 0;
		};
/* End PBXSourcesBuildPhase section */

/* Begin XCBuildConfiguration section */
		52B8C37029AC951600B74F6F /* Debug */ = {
			isa = XCBuildConfiguration;
			buildSettings = {
				ALWAYS_SEARCH_USER_PATHS = NO;
				CLANG_ANALYZER_NONNULL = YES;
				CLANG_ANALYZER_NUMBER_OBJECT_CONVERSION = YES_AGGRESSIVE;
				CLANG_CXX_LANGUAGE_STANDARD = "gnu++20";
				CLANG_ENABLE_MODULES = YES;
				CLANG_ENABLE_OBJC_ARC = YES;
				CLANG_ENABLE_OBJC_WEAK = YES;
				CLANG_WARN_BLOCK_CAPTURE_AUTORELEASING = YES;
				CLANG_WARN_BOOL_CONVERSION = YES;
				CLANG_WARN_COMMA = YES;
				CLANG_WARN_CONSTANT_CONVERSION = YES;
				CLANG_WARN_DEPRECATED_OBJC_IMPLEMENTATIONS = YES;
				CLANG_WARN_DIRECT_OBJC_ISA_USAGE = YES_ERROR;
				CLANG_WARN_DOCUMENTATION_COMMENTS = YES;
				CLANG_WARN_EMPTY_BODY = YES;
				CLANG_WARN_ENUM_CONVERSION = YES;
				CLANG_WARN_INFINITE_RECURSION = YES;
				CLANG_WARN_INT_CONVERSION = YES;
				CLANG_WARN_NON_LITERAL_NULL_CONVERSION = YES;
				CLANG_WARN_OBJC_IMPLICIT_RETAIN_SELF = YES;
				CLANG_WARN_OBJC_LITERAL_CONVERSION = YES;
				CLANG_WARN_OBJC_ROOT_CLASS = YES_ERROR;
				CLANG_WARN_QUOTED_INCLUDE_IN_FRAMEWORK_HEADER = YES;
				CLANG_WARN_RANGE_LOOP_ANALYSIS = YES;
				CLANG_WARN_STRICT_PROTOTYPES = YES;
				CLANG_WARN_SUSPICIOUS_MOVE = YES;
				CLANG_WARN_UNGUARDED_AVAILABILITY = YES_AGGRESSIVE;
				CLANG_WARN_UNREACHABLE_CODE = YES;
				CLANG_WARN__DUPLICATE_METHOD_MATCH = YES;
				COPY_PHASE_STRIP = NO;
				DEBUG_INFORMATION_FORMAT = dwarf;
				ENABLE_STRICT_OBJC_MSGSEND = YES;
				ENABLE_TESTABILITY = YES;
				GCC_C_LANGUAGE_STANDARD = gnu11;
				GCC_DYNAMIC_NO_PIC = NO;
				GCC_NO_COMMON_BLOCKS = YES;
				GCC_OPTIMIZATION_LEVEL = 0;
				GCC_PREPROCESSOR_DEFINITIONS = (
					"DEBUG=1",
					"$(inherited)",
				);
				GCC_WARN_64_TO_32_BIT_CONVERSION = YES;
				GCC_WARN_ABOUT_RETURN_TYPE = YES_ERROR;
				GCC_WARN_UNDECLARED_SELECTOR = YES;
				GCC_WARN_UNINITIALIZED_AUTOS = YES_AGGRESSIVE;
				GCC_WARN_UNUSED_FUNCTION = YES;
				GCC_WARN_UNUSED_VARIABLE = YES;
				IPHONEOS_DEPLOYMENT_TARGET = 16.0;
				MTL_ENABLE_DEBUG_INFO = INCLUDE_SOURCE;
				MTL_FAST_MATH = YES;
				ONLY_ACTIVE_ARCH = YES;
				SDKROOT = iphoneos;
				SWIFT_ACTIVE_COMPILATION_CONDITIONS = DEBUG;
				SWIFT_OPTIMIZATION_LEVEL = "-Onone";
			};
			name = Debug;
		};
		52B8C37129AC951600B74F6F /* Release */ = {
			isa = XCBuildConfiguration;
			buildSettings = {
				ALWAYS_SEARCH_USER_PATHS = NO;
				CLANG_ANALYZER_NONNULL = YES;
				CLANG_ANALYZER_NUMBER_OBJECT_CONVERSION = YES_AGGRESSIVE;
				CLANG_CXX_LANGUAGE_STANDARD = "gnu++20";
				CLANG_ENABLE_MODULES = YES;
				CLANG_ENABLE_OBJC_ARC = YES;
				CLANG_ENABLE_OBJC_WEAK = YES;
				CLANG_WARN_BLOCK_CAPTURE_AUTORELEASING = YES;
				CLANG_WARN_BOOL_CONVERSION = YES;
				CLANG_WARN_COMMA = YES;
				CLANG_WARN_CONSTANT_CONVERSION = YES;
				CLANG_WARN_DEPRECATED_OBJC_IMPLEMENTATIONS = YES;
				CLANG_WARN_DIRECT_OBJC_ISA_USAGE = YES_ERROR;
				CLANG_WARN_DOCUMENTATION_COMMENTS = YES;
				CLANG_WARN_EMPTY_BODY = YES;
				CLANG_WARN_ENUM_CONVERSION = YES;
				CLANG_WARN_INFINITE_RECURSION = YES;
				CLANG_WARN_INT_CONVERSION = YES;
				CLANG_WARN_NON_LITERAL_NULL_CONVERSION = YES;
				CLANG_WARN_OBJC_IMPLICIT_RETAIN_SELF = YES;
				CLANG_WARN_OBJC_LITERAL_CONVERSION = YES;
				CLANG_WARN_OBJC_ROOT_CLASS = YES_ERROR;
				CLANG_WARN_QUOTED_INCLUDE_IN_FRAMEWORK_HEADER = YES;
				CLANG_WARN_RANGE_LOOP_ANALYSIS = YES;
				CLANG_WARN_STRICT_PROTOTYPES = YES;
				CLANG_WARN_SUSPICIOUS_MOVE = YES;
				CLANG_WARN_UNGUARDED_AVAILABILITY = YES_AGGRESSIVE;
				CLANG_WARN_UNREACHABLE_CODE = YES;
				CLANG_WARN__DUPLICATE_METHOD_MATCH = YES;
				COPY_PHASE_STRIP = NO;
				DEBUG_INFORMATION_FORMAT = "dwarf-with-dsym";
				ENABLE_NS_ASSERTIONS = NO;
				ENABLE_STRICT_OBJC_MSGSEND = YES;
				GCC_C_LANGUAGE_STANDARD = gnu11;
				GCC_NO_COMMON_BLOCKS = YES;
				GCC_WARN_64_TO_32_BIT_CONVERSION = YES;
				GCC_WARN_ABOUT_RETURN_TYPE = YES_ERROR;
				GCC_WARN_UNDECLARED_SELECTOR = YES;
				GCC_WARN_UNINITIALIZED_AUTOS = YES_AGGRESSIVE;
				GCC_WARN_UNUSED_FUNCTION = YES;
				GCC_WARN_UNUSED_VARIABLE = YES;
				IPHONEOS_DEPLOYMENT_TARGET = 16.0;
				MTL_ENABLE_DEBUG_INFO = NO;
				MTL_FAST_MATH = YES;
				SDKROOT = iphoneos;
				SWIFT_COMPILATION_MODE = wholemodule;
				SWIFT_OPTIMIZATION_LEVEL = "-O";
				VALIDATE_PRODUCT = YES;
			};
			name = Release;
		};
		52B8C37329AC951600B74F6F /* Debug */ = {
			isa = XCBuildConfiguration;
			buildSettings = {
				ASSETCATALOG_COMPILER_APPICON_NAME = AppIcon;
				ASSETCATALOG_COMPILER_GLOBAL_ACCENT_COLOR_NAME = AccentColor;
				CODE_SIGN_STYLE = Automatic;
				CURRENT_PROJECT_VERSION = 1;
				DEVELOPMENT_ASSET_PATHS = "\"ErrorScreen/Preview Content\"";
				ENABLE_PREVIEWS = YES;
				GENERATE_INFOPLIST_FILE = YES;
				INFOPLIST_KEY_UIApplicationSceneManifest_Generation = YES;
				INFOPLIST_KEY_UIApplicationSupportsIndirectInputEvents = YES;
				INFOPLIST_KEY_UILaunchScreen_Generation = YES;
				INFOPLIST_KEY_UISupportedInterfaceOrientations_iPad = "UIInterfaceOrientationPortrait UIInterfaceOrientationPortraitUpsideDown UIInterfaceOrientationLandscapeLeft UIInterfaceOrientationLandscapeRight";
				INFOPLIST_KEY_UISupportedInterfaceOrientations_iPhone = "UIInterfaceOrientationPortrait UIInterfaceOrientationLandscapeLeft UIInterfaceOrientationLandscapeRight";
				LD_RUNPATH_SEARCH_PATHS = (
					"$(inherited)",
					"@executable_path/Frameworks",
				);
				MARKETING_VERSION = 1.0;
				PRODUCT_BUNDLE_IDENTIFIER = com.mhn.user.ErrorScreen;
				PRODUCT_NAME = "$(TARGET_NAME)";
				SWIFT_EMIT_LOC_STRINGS = YES;
				SWIFT_VERSION = 5.0;
				TARGETED_DEVICE_FAMILY = "1,2";
			};
			name = Debug;
		};
		52B8C37429AC951600B74F6F /* Release */ = {
			isa = XCBuildConfiguration;
			buildSettings = {
				ASSETCATALOG_COMPILER_APPICON_NAME = AppIcon;
				ASSETCATALOG_COMPILER_GLOBAL_ACCENT_COLOR_NAME = AccentColor;
				CODE_SIGN_STYLE = Automatic;
				CURRENT_PROJECT_VERSION = 1;
				DEVELOPMENT_ASSET_PATHS = "\"ErrorScreen/Preview Content\"";
				ENABLE_PREVIEWS = YES;
				GENERATE_INFOPLIST_FILE = YES;
				INFOPLIST_KEY_UIApplicationSceneManifest_Generation = YES;
				INFOPLIST_KEY_UIApplicationSupportsIndirectInputEvents = YES;
				INFOPLIST_KEY_UILaunchScreen_Generation = YES;
				INFOPLIST_KEY_UISupportedInterfaceOrientations_iPad = "UIInterfaceOrientationPortrait UIInterfaceOrientationPortraitUpsideDown UIInterfaceOrientationLandscapeLeft UIInterfaceOrientationLandscapeRight";
				INFOPLIST_KEY_UISupportedInterfaceOrientations_iPhone = "UIInterfaceOrientationPortrait UIInterfaceOrientationLandscapeLeft UIInterfaceOrientationLandscapeRight";
				LD_RUNPATH_SEARCH_PATHS = (
					"$(inherited)",
					"@executable_path/Frameworks",
				);
				MARKETING_VERSION = 1.0;
				PRODUCT_BUNDLE_IDENTIFIER = com.mhn.user.ErrorScreen;
				PRODUCT_NAME = "$(TARGET_NAME)";
				SWIFT_EMIT_LOC_STRINGS = YES;
				SWIFT_VERSION = 5.0;
				TARGETED_DEVICE_FAMILY = "1,2";
			};
			name = Release;
		};
/* End XCBuildConfiguration section */

/* Begin XCConfigurationList section */
		52B8C35F29AC951300B74F6F /* Build configuration list for PBXProject "ErrorScreen" */ = {
			isa = XCConfigurationList;
			buildConfigurations = (
				52B8C37029AC951600B74F6F /* Debug */,
				52B8C37129AC951600B74F6F /* Release */,
			);
			defaultConfigurationIsVisible = 0;
			defaultConfigurationName = Release;
		};
		52B8C37229AC951600B74F6F /* Build configuration list for PBXNativeTarget "ErrorScreen" */ = {
			isa = XCConfigurationList;
			buildConfigurations = (
				52B8C37329AC951600B74F6F /* Debug */,
				52B8C37429AC951600B74F6F /* Release */,
			);
			defaultConfigurationIsVisible = 0;
			defaultConfigurationName = Release;
		};
/* End XCConfigurationList section */
	};
	rootObject = 52B8C35C29AC951300B74F6F /* Project object */;
}
